# THIS IS AN AUTOGENERATED FILE. DO NOT EDIT THIS FILE DIRECTLY.
# yarn lockfile v1


gallery@^1.0.2:
  version "1.0.2"
  resolved "https://registry.yarnpkg.com/gallery/-/gallery-1.0.2.tgz#22063d0037399d7884974e6bbbec16368ba1226c"
  integrity sha512-guOSIbExT/MfeZvV38Uo+u+77+oVk6S49jluf/sxFX2eNLTa/xtW+KNxhpCrTCd7H6QcTzHXlVamXjXouBJztQ==
